
Microsoft Visual Studio Solution File, Format Version 12.00
# Visual Studio Version 16
VisualStudioVersion = 16.0.31702.278
MinimumVisualStudioVersion = 10.0.40219.1
Project("{FAE04EC0-301F-11D3-BF4B-00C04F79EFBC}") = "AnimalSholter", "AnimalSholter\AnimalSholter.csproj", "{1771925F-7968-4724-A5D4-9328D63ABD7A}"
EndProject
Global
	GlobalSection(SolutionConfigurationPlatforms) = preSolution
		Debug|Any CPU = Debug|Any CPU
		Release|Any CPU = Release|Any CPU
	EndGlobalSection
	GlobalSection(ProjectConfigurationPlatforms) = postSolution
		{1771925F-7968-4724-A5D4-9328D63ABD7A}.Debug|Any CPU.ActiveCfg = Debug|Any CPU
		{1771925F-7968-4724-A5D4-9328D63ABD7A}.Debug|Any CPU.Build.0 = Debug|Any CPU
		{1771925F-7968-4724-A5D4-9328D63ABD7A}.Release|Any CPU.ActiveCfg = Release|Any CPU
		{1771925F-7968-4724-A5D4-9328D63ABD7A}.Release|Any CPU.Build.0 = Release|Any CPU
	EndGlobalSection
	GlobalSection(SolutionProperties) = preSolution
		HideSolutionNode = FALSE
	EndGlobalSection
	GlobalSection(ExtensibilityGlobals) = postSolution
		SolutionGuid = {9794F64A-3DF9-44EF-9664-C869C99B1AEB}
	EndGlobalSection
EndGlobal
